{
  "version": 4,
  "terraform_version": "1.13.5",
  "serial": 18,
  "lineage": "8cb0e07f-d474-c46a-1e26-3d2c0254441a",
  "outputs": {
    "dev_public_ip": {
      "value": "35.177.143.161",
      "type": "string"
    },
    "private_key_pem": {
      "value": "-----BEGIN RSA PRIVATE KEY-----\nMIIJJwIBAAKCAgEApMnnndbaS6lJCLp4OZCGFkadAbf9umGlt8jA+Ac96n03hx2A\n74tvnP5rImHRouE1EhgJE0puf1nn0YyhzxTA77tQYdqXrmbl3Yf40DIAjFOxFvEC\n3zkKCgXJ9aXvkbmWSRbd/NC9BFUGaAI+9puCK2HxS4KqGpd++PA2leHJ6vb75IGe\nEmbggzJDvs3jh7zIouR1E/VGydG/x1jiO/NcTkuyG2aK/pAY6zP8ULE3T1uVsWB8\nHR5Bd1fJ6/aWg8Ix9j1Hrg3ln7c1SQaTx8Qw5rhkk8CpYKrhQw4nwn5itIZ/wiFm\nW8OUMSif2e8u/N199h1QqcSRFcKABLumE/oM1p6dLxLi0pb4RznnW3ngKC2MXUKG\nHTQKBPcFaz8DUHHz8nYfvkHAM3WtX4WqwXArdp0dGqbF9bQIvoR3V4bw5MKp0gKW\nABCtnbDNey2fmWNpF+XCz0R2tLEdCsafU6i2epnGOAz9LaTn/BdjqSCaDUfXKPvJ\n6EwSa/pMXAMmt8YtvKMSrlnH+NhkAQ3/TauEEzEIjAR0yd7Dm7EgfO8EQ2L5xmyv\nDPQevScC2cSfu67F0TnYxCpABEQR6gs4+5ZIP1Vhg9bL4rp/n7NB3QKP6sknoVxg\ncGrST8fWUPS7feq7bGW7eImgA+Mw2t3d6iQoQz+eDiFSY7dwah7zYrK3U0UCAwEA\nAQKCAgAl4FCP63vmayUhz/ZlSM5BHX7mD7vOlLYp7YdJGyUEmj5inInvxU1kuOe4\nEeLE/N2daI/hcri+JdSOSjRA7ETCdXvu2fcGO5l3F1M9y1hr6KqqGsBtvWcM0bLP\ndxH/HTipWQuyGepwLfjYfDerqCe9v/fdws1Fam/hWRk6zxiBnL5eEdra4PGWxj1j\nBGDZaK93HWq5qSVZqw/ZCpmJbRDY4DYybRnilA1eNmc2xtzvLR5VlFdCvBsRCskb\nJuUGqOKh9gjdPU17rfkd7ViXUIVq6pQXj+9+jBhVuNGztygJ1WZVISctTWFpASzo\nwzy6G1Dh+m/5bXhpl3ikXds4+T7s0QvfHix+UhiDGFQGMGDMJ7ONPck0rWXzynC7\nY+nZP7vYIjaHA/KUV5RDRdG9fSy+a0TBoqbFbMNBu7e1QMcUf8mNDVV6kurEO+rr\nanNtozF5wToPWUhPoFEOaatUn/c+VbGkKiFtbTRoemjjnj6HkK5S8pqc8ngq8vVS\nfzBXtVIkNle19us8xPFE6PpjYiAy+PeCyn91mLURCLK2twQblRHJWY6SC/twDkq+\noWGG/SNPoVU27h27/5I18VXoeKwu052sLfiwgIqKPr91UvZZQDw6odQQ/UITS3Q1\na+JGhh+cEJ2ECxfWjCKt2rkil5OM8n1GAxqJu2V60tMFELDkCwKCAQEAwBge0k6i\nJv6llIaRjHA4nNKGRnlLwsVbSIvdztcKGIopKc+c5gm2Mf3TKOhUTHU+GJOD4G7J\njK5kaOUScABc4SKZ0uCLuUFuf1RTxI6XCE5nkoX38jMFBFUw5j0YcBAyibVSL1zi\nrmqJaSxjY0UyHwf91vjljd6TxZniCguWu0sjh5/ioux80w1OPePLQmWiPfTQVRK9\nlNKDQNq4tbV4sfHk/H+X6NB1lowxW8xuSTDvHOAJInldnpM0yVzqj7xqFNxx8/8O\nv9QNzZp0v3bCy2C36G+VF8yzutc2G3+NN8GRxHUg1uAwptFvrAHVaXsAGBNsdnDx\nkcLZ9AobBCDkAwKCAQEA25xIsw/Z9U9gA93gzdX2iqwb6NAdFY3SZxi6Wk4gIp7j\nej0O77fgwd6pAWvOt1UerVJiHBSaVHZb/prYHqQZzvO99CrSUvbVThb6b6M2mqVF\n6vG28va6KJNb5jee3WPemDYM//znk1H0kwSi3CHDwzmlkzRi8LEfXn23lCj5F/lA\nYMeaSpsl0hCfjb8aXDXDyZffCLHLTFXT3EC2SManY/ZCKpW4n26aVUy93yYCZXLy\n4EK2b6lzu8wGeWjPw7QPPc8lFDtCnGQpZm+9ZgT9BMvRMSPEfINwBoNRQ5v4cSLb\n7R7wB1ErjKKMTVlNHTW0PJXzMXpeAETdCb+rmU+dFwKCAQAmnfK8RrCUdEbnR/JE\nsF7BMBVsX4AahMBoIi4SIerWqhfCXwlkuXkWLbfglmwz/rHgEO/HE56TGI/5Amwl\ndf02CVWxLhEIyh2jnVlFv4CfW9u4ehQxbY5Jo7Kz5n5eMPNn+bqu6NZtR9+d9B16\n3HNKB7pBGEJVtfQxGlF1wYSo3F8lKcBPDom9iAQ9ruiyzWnDWM70+1J/c56NUCsn\n5HaCF2X4WNI6LIYnIMHfeYaGUj8Pp/5OHuXyNhe7j2FcSf1tei+yZIkbiU7JEY78\n2qwoZKY0JRJs+Wr8Wb1347mJBvH986oJaIJ/VsVDaA72KJMJRAZe/S+jJO/Z/poV\nx2LvAoIBAEuY4O3C5ySqzkKGfnxcyyGxXWonOdvRljwnJv8vJaDFUUki+6FJivUx\n0LvMgLxbcNP5KAzCit3IYKKkawEhPEEhZqJGm2Az1/mpr0v+wy0493iI/JFmnW6a\nS2hUfTt4xYdgE9mLFayA6dAyKF3ewaTSk0y5G9X/Iu1EGY3HDPhTtPWbwGEuRzao\nwkPpJQnY+CzNOtmjWnhMk0GehSFIQRcIDn7aS1OWn0n9wN6wFuMVTsYkMOj/S/e5\npADnM54KvbRpOjpcq/FqCVZZ4LjdvruH7dsclObH2Chly/OaHUvU1CAsJjRenL8s\ntV9q/kCv2/t/IthFZ1ZwXiac9FUyMsECggEAOx1PoQdc8YQNGnzVJmD4hAanB5tV\nqOBjFWrxmr2G7ZQtNzyB29GqyXJGD+mM4RuBBDB9LUl84YpSb4TvqVQxo7nXYSDk\n29glHmouzS5T02WbbAzJSgIS2on8xoF0jvDiI+OqJp4e+VfAWrconzFFhwop8cKz\n0gf8NLuoQZRYsSZtzTlFOZc7/hJqYtmXpS9eErNhX85u6Pg0bfrh7wuZsxNcVCcb\n5SpNwc8/+WqofczeD92oUYCQZT8wktizo4Pgxy46Qckla+9pC5AKVpCsdqQVuyCy\n7TQIMaR/CY9KYXkHFZs9s6PIA74R8JoD8jNTE2jY0QhXnhJVw+5zbdiKkg==\n-----END RSA PRIVATE KEY-----\n",
      "type": "string",
      "sensitive": true
    },
    "prod_public_ip": {
      "value": "3.10.22.203",
      "type": "string"
    },
    "qa_public_ip": {
      "value": "18.130.235.197",
      "type": "string"
    }
  },
  "resources": [
    {
      "mode": "managed",
      "type": "aws_instance",
      "name": "dev",
      "provider": "provider[\"registry.terraform.io/hashicorp/aws\"]",
      "instances": [
        {
          "schema_version": 2,
          "attributes": {
            "ami": "ami-0a0ff88d0f3f85a14",
            "arn": "arn:aws:ec2:eu-west-2:372884617632:instance/i-0f66363b1d523deb3",
            "associate_public_ip_address": true,
            "availability_zone": "eu-west-2a",
            "capacity_reservation_specification": [
              {
                "capacity_reservation_preference": "open",
                "capacity_reservation_target": []
              }
            ],
            "cpu_options": [
              {
                "amd_sev_snp": "",
                "core_count": 1,
                "threads_per_core": 1
              }
            ],
            "credit_specification": [
              {
                "cpu_credits": "standard"
              }
            ],
            "disable_api_stop": false,
            "disable_api_termination": false,
            "ebs_block_device": [],
            "ebs_optimized": false,
            "enable_primary_ipv6": null,
            "enclave_options": [
              {
                "enabled": false
              }
            ],
            "ephemeral_block_device": [],
            "force_destroy": false,
            "get_password_data": false,
            "hibernation": false,
            "host_id": "",
            "host_resource_group_arn": null,
            "iam_instance_profile": "",
            "id": "i-0f66363b1d523deb3",
            "instance_initiated_shutdown_behavior": "stop",
            "instance_lifecycle": "",
            "instance_market_options": [],
            "instance_state": "running",
            "instance_type": "t2.micro",
            "ipv6_address_count": 0,
            "ipv6_addresses": [],
            "key_name": "sca-key",
            "launch_template": [],
            "maintenance_options": [
              {
                "auto_recovery": "default"
              }
            ],
            "metadata_options": [
              {
                "http_endpoint": "enabled",
                "http_protocol_ipv6": "disabled",
                "http_put_response_hop_limit": 2,
                "http_tokens": "required",
                "instance_metadata_tags": "disabled"
              }
            ],
            "monitoring": false,
            "network_interface": [],
            "outpost_arn": "",
            "password_data": "",
            "placement_group": "",
            "placement_group_id": "",
            "placement_partition_number": 0,
            "primary_network_interface": [
              {
                "delete_on_termination": true,
                "network_interface_id": "eni-09a412cbcad47a72c"
              }
            ],
            "primary_network_interface_id": "eni-09a412cbcad47a72c",
            "private_dns": "ip-10-0-1-165.eu-west-2.compute.internal",
            "private_dns_name_options": [
              {
                "enable_resource_name_dns_a_record": false,
                "enable_resource_name_dns_aaaa_record": false,
                "hostname_type": "ip-name"
              }
            ],
            "private_ip": "10.0.1.165",
            "public_dns": "ec2-35-177-143-161.eu-west-2.compute.amazonaws.com",
            "public_ip": "35.177.143.161",
            "region": "eu-west-2",
            "root_block_device": [
              {
                "delete_on_termination": true,
                "device_name": "/dev/sda1",
                "encrypted": false,
                "iops": 3000,
                "kms_key_id": "",
                "tags": {},
                "tags_all": {},
                "throughput": 125,
                "volume_id": "vol-056c9b74c3c970631",
                "volume_size": 8,
                "volume_type": "gp3"
              }
            ],
            "secondary_private_ips": [],
            "security_groups": [],
            "source_dest_check": true,
            "spot_instance_request_id": "",
            "subnet_id": "subnet-08c377356148c6a6d",
            "tags": {
              "Env": "Dev",
              "Name": "sca-dev"
            },
            "tags_all": {
              "Env": "Dev",
              "Name": "sca-dev"
            },
            "tenancy": "default",
            "timeouts": null,
            "user_data": null,
            "user_data_base64": null,
            "user_data_replace_on_change": false,
            "volume_tags": null,
            "vpc_security_group_ids": [
              "sg-0fcd0dd5e1e04e459"
            ]
          },
          "sensitive_attributes": [],
          "identity_schema_version": 0,
          "identity": {
            "account_id": "372884617632",
            "id": "i-0f66363b1d523deb3",
            "region": "eu-west-2"
          },
          "private": "eyJlMmJmYjczMC1lY2FhLTExZTYtOGY4OC0zNDM2M2JjN2M0YzAiOnsiY3JlYXRlIjo2MDAwMDAwMDAwMDAsImRlbGV0ZSI6MTIwMDAwMDAwMDAwMCwicmVhZCI6OTAwMDAwMDAwMDAwLCJ1cGRhdGUiOjYwMDAwMDAwMDAwMH0sInNjaGVtYV92ZXJzaW9uIjoiMiJ9",
          "dependencies": [
            "aws_key_pair.sca_key",
            "aws_security_group.dev_sg",
            "aws_subnet.public_subnet",
            "aws_vpc.sca_vpc",
            "tls_private_key.ssh_key"
          ]
        }
      ]
    },
    {
      "mode": "managed",
      "type": "aws_instance",
      "name": "prod",
      "provider": "provider[\"registry.terraform.io/hashicorp/aws\"]",
      "instances": [
        {
          "schema_version": 2,
          "attributes": {
            "ami": "ami-0a0ff88d0f3f85a14",
            "arn": "arn:aws:ec2:eu-west-2:372884617632:instance/i-0360ac33ee182d744",
            "associate_public_ip_address": true,
            "availability_zone": "eu-west-2a",
            "capacity_reservation_specification": [
              {
                "capacity_reservation_preference": "open",
                "capacity_reservation_target": []
              }
            ],
            "cpu_options": [
              {
                "amd_sev_snp": "",
                "core_count": 1,
                "threads_per_core": 1
              }
            ],
            "credit_specification": [
              {
                "cpu_credits": "standard"
              }
            ],
            "disable_api_stop": false,
            "disable_api_termination": false,
            "ebs_block_device": [],
            "ebs_optimized": false,
            "enable_primary_ipv6": null,
            "enclave_options": [
              {
                "enabled": false
              }
            ],
            "ephemeral_block_device": [],
            "force_destroy": false,
            "get_password_data": false,
            "hibernation": false,
            "host_id": "",
            "host_resource_group_arn": null,
            "iam_instance_profile": "",
            "id": "i-0360ac33ee182d744",
            "instance_initiated_shutdown_behavior": "stop",
            "instance_lifecycle": "",
            "instance_market_options": [],
            "instance_state": "running",
            "instance_type": "t2.micro",
            "ipv6_address_count": 0,
            "ipv6_addresses": [],
            "key_name": "sca-key",
            "launch_template": [],
            "maintenance_options": [
              {
                "auto_recovery": "default"
              }
            ],
            "metadata_options": [
              {
                "http_endpoint": "enabled",
                "http_protocol_ipv6": "disabled",
                "http_put_response_hop_limit": 2,
                "http_tokens": "required",
                "instance_metadata_tags": "disabled"
              }
            ],
            "monitoring": false,
            "network_interface": [],
            "outpost_arn": "",
            "password_data": "",
            "placement_group": "",
            "placement_group_id": "",
            "placement_partition_number": 0,
            "primary_network_interface": [
              {
                "delete_on_termination": true,
                "network_interface_id": "eni-0b150f4fc5877828c"
              }
            ],
            "primary_network_interface_id": "eni-0b150f4fc5877828c",
            "private_dns": "ip-10-0-1-136.eu-west-2.compute.internal",
            "private_dns_name_options": [
              {
                "enable_resource_name_dns_a_record": false,
                "enable_resource_name_dns_aaaa_record": false,
                "hostname_type": "ip-name"
              }
            ],
            "private_ip": "10.0.1.136",
            "public_dns": "ec2-3-10-22-203.eu-west-2.compute.amazonaws.com",
            "public_ip": "3.10.22.203",
            "region": "eu-west-2",
            "root_block_device": [
              {
                "delete_on_termination": true,
                "device_name": "/dev/sda1",
                "encrypted": false,
                "iops": 3000,
                "kms_key_id": "",
                "tags": {},
                "tags_all": {},
                "throughput": 125,
                "volume_id": "vol-06b703dab485bb292",
                "volume_size": 8,
                "volume_type": "gp3"
              }
            ],
            "secondary_private_ips": [],
            "security_groups": [],
            "source_dest_check": true,
            "spot_instance_request_id": "",
            "subnet_id": "subnet-08c377356148c6a6d",
            "tags": {
              "Env": "Prod",
              "Name": "sca-prod"
            },
            "tags_all": {
              "Env": "Prod",
              "Name": "sca-prod"
            },
            "tenancy": "default",
            "timeouts": null,
            "user_data": null,
            "user_data_base64": null,
            "user_data_replace_on_change": false,
            "volume_tags": null,
            "vpc_security_group_ids": [
              "sg-09f97668626c619e3"
            ]
          },
          "sensitive_attributes": [],
          "identity_schema_version": 0,
          "identity": {
            "account_id": "372884617632",
            "id": "i-0360ac33ee182d744",
            "region": "eu-west-2"
          },
          "private": "eyJlMmJmYjczMC1lY2FhLTExZTYtOGY4OC0zNDM2M2JjN2M0YzAiOnsiY3JlYXRlIjo2MDAwMDAwMDAwMDAsImRlbGV0ZSI6MTIwMDAwMDAwMDAwMCwicmVhZCI6OTAwMDAwMDAwMDAwLCJ1cGRhdGUiOjYwMDAwMDAwMDAwMH0sInNjaGVtYV92ZXJzaW9uIjoiMiJ9",
          "dependencies": [
            "aws_key_pair.sca_key",
            "aws_security_group.prod_sg",
            "aws_subnet.public_subnet",
            "aws_vpc.sca_vpc",
            "tls_private_key.ssh_key"
          ]
        }
      ]
    },
    {
      "mode": "managed",
      "type": "aws_instance",
      "name": "qa",
      "provider": "provider[\"registry.terraform.io/hashicorp/aws\"]",
      "instances": [
        {
          "schema_version": 2,
          "attributes": {
            "ami": "ami-0a0ff88d0f3f85a14",
            "arn": "arn:aws:ec2:eu-west-2:372884617632:instance/i-0c416cc495701377b",
            "associate_public_ip_address": true,
            "availability_zone": "eu-west-2a",
            "capacity_reservation_specification": [
              {
                "capacity_reservation_preference": "open",
                "capacity_reservation_target": []
              }
            ],
            "cpu_options": [
              {
                "amd_sev_snp": "",
                "core_count": 1,
                "threads_per_core": 1
              }
            ],
            "credit_specification": [
              {
                "cpu_credits": "standard"
              }
            ],
            "disable_api_stop": false,
            "disable_api_termination": false,
            "ebs_block_device": [],
            "ebs_optimized": false,
            "enable_primary_ipv6": null,
            "enclave_options": [
              {
                "enabled": false
              }
            ],
            "ephemeral_block_device": [],
            "force_destroy": false,
            "get_password_data": false,
            "hibernation": false,
            "host_id": "",
            "host_resource_group_arn": null,
            "iam_instance_profile": "",
            "id": "i-0c416cc495701377b",
            "instance_initiated_shutdown_behavior": "stop",
            "instance_lifecycle": "",
            "instance_market_options": [],
            "instance_state": "running",
            "instance_type": "t2.micro",
            "ipv6_address_count": 0,
            "ipv6_addresses": [],
            "key_name": "sca-key",
            "launch_template": [],
            "maintenance_options": [
              {
                "auto_recovery": "default"
              }
            ],
            "metadata_options": [
              {
                "http_endpoint": "enabled",
                "http_protocol_ipv6": "disabled",
                "http_put_response_hop_limit": 2,
                "http_tokens": "required",
                "instance_metadata_tags": "disabled"
              }
            ],
            "monitoring": false,
            "network_interface": [],
            "outpost_arn": "",
            "password_data": "",
            "placement_group": "",
            "placement_group_id": "",
            "placement_partition_number": 0,
            "primary_network_interface": [
              {
                "delete_on_termination": true,
                "network_interface_id": "eni-0fac9c74ea354363a"
              }
            ],
            "primary_network_interface_id": "eni-0fac9c74ea354363a",
            "private_dns": "ip-10-0-1-65.eu-west-2.compute.internal",
            "private_dns_name_options": [
              {
                "enable_resource_name_dns_a_record": false,
                "enable_resource_name_dns_aaaa_record": false,
                "hostname_type": "ip-name"
              }
            ],
            "private_ip": "10.0.1.65",
            "public_dns": "ec2-18-130-235-197.eu-west-2.compute.amazonaws.com",
            "public_ip": "18.130.235.197",
            "region": "eu-west-2",
            "root_block_device": [
              {
                "delete_on_termination": true,
                "device_name": "/dev/sda1",
                "encrypted": false,
                "iops": 3000,
                "kms_key_id": "",
                "tags": {},
                "tags_all": {},
                "throughput": 125,
                "volume_id": "vol-0dcdc218e988324e1",
                "volume_size": 8,
                "volume_type": "gp3"
              }
            ],
            "secondary_private_ips": [],
            "security_groups": [],
            "source_dest_check": true,
            "spot_instance_request_id": "",
            "subnet_id": "subnet-08c377356148c6a6d",
            "tags": {
              "Env": "QA",
              "Name": "sca-qa"
            },
            "tags_all": {
              "Env": "QA",
              "Name": "sca-qa"
            },
            "tenancy": "default",
            "timeouts": null,
            "user_data": null,
            "user_data_base64": null,
            "user_data_replace_on_change": false,
            "volume_tags": null,
            "vpc_security_group_ids": [
              "sg-06d8346afb356e6f3"
            ]
          },
          "sensitive_attributes": [],
          "identity_schema_version": 0,
          "identity": {
            "account_id": "372884617632",
            "id": "i-0c416cc495701377b",
            "region": "eu-west-2"
          },
          "private": "eyJlMmJmYjczMC1lY2FhLTExZTYtOGY4OC0zNDM2M2JjN2M0YzAiOnsiY3JlYXRlIjo2MDAwMDAwMDAwMDAsImRlbGV0ZSI6MTIwMDAwMDAwMDAwMCwicmVhZCI6OTAwMDAwMDAwMDAwLCJ1cGRhdGUiOjYwMDAwMDAwMDAwMH0sInNjaGVtYV92ZXJzaW9uIjoiMiJ9",
          "dependencies": [
            "aws_key_pair.sca_key",
            "aws_security_group.qa_sg",
            "aws_subnet.public_subnet",
            "aws_vpc.sca_vpc",
            "tls_private_key.ssh_key"
          ]
        }
      ]
    },
    {
      "mode": "managed",
      "type": "aws_internet_gateway",
      "name": "gw",
      "provider": "provider[\"registry.terraform.io/hashicorp/aws\"]",
      "instances": [
        {
          "schema_version": 0,
          "attributes": {
            "arn": "arn:aws:ec2:eu-west-2:372884617632:internet-gateway/igw-0dea8a4cb39b287f1",
            "id": "igw-0dea8a4cb39b287f1",
            "owner_id": "372884617632",
            "region": "eu-west-2",
            "tags": {
              "Name": "sca-igw"
            },
            "tags_all": {
              "Name": "sca-igw"
            },
            "timeouts": null,
            "vpc_id": "vpc-0106b6f11d52fbce0"
          },
          "sensitive_attributes": [],
          "identity_schema_version": 0,
          "private": "eyJlMmJmYjczMC1lY2FhLTExZTYtOGY4OC0zNDM2M2JjN2M0YzAiOnsiY3JlYXRlIjoxMjAwMDAwMDAwMDAwLCJkZWxldGUiOjEyMDAwMDAwMDAwMDAsInVwZGF0ZSI6MTIwMDAwMDAwMDAwMH19",
          "dependencies": [
            "aws_vpc.sca_vpc"
          ]
        }
      ]
    },
    {
      "mode": "managed",
      "type": "aws_key_pair",
      "name": "sca_key",
      "provider": "provider[\"registry.terraform.io/hashicorp/aws\"]",
      "instances": [
        {
          "schema_version": 1,
          "attributes": {
            "arn": "arn:aws:ec2:eu-west-2:372884617632:key-pair/sca-key",
            "fingerprint": "4a:1e:38:e0:da:54:a6:95:54:c6:f2:ba:b3:2e:8c:50",
            "id": "sca-key",
            "key_name": "sca-key",
            "key_name_prefix": "",
            "key_pair_id": "key-022274279bb6265c9",
            "key_type": "rsa",
            "public_key": "ssh-rsa AAAAB3NzaC1yc2EAAAADAQABAAACAQCkyeed1tpLqUkIung5kIYWRp0Bt/26YaW3yMD4Bz3qfTeHHYDvi2+c/msiYdGi4TUSGAkTSm5/WefRjKHPFMDvu1Bh2peuZuXdh/jQMgCMU7EW8QLfOQoKBcn1pe+RuZZJFt380L0EVQZoAj72m4IrYfFLgqoal3748DaV4cnq9vvkgZ4SZuCDMkO+zeOHvMii5HUT9UbJ0b/HWOI781xOS7IbZor+kBjrM/xQsTdPW5WxYHwdHkF3V8nr9paDwjH2PUeuDeWftzVJBpPHxDDmuGSTwKlgquFDDifCfmK0hn/CIWZbw5QxKJ/Z7y783X32HVCpxJEVwoAEu6YT+gzWnp0vEuLSlvhHOedbeeAoLYxdQoYdNAoE9wVrPwNQcfPydh++QcAzda1fharBcCt2nR0apsX1tAi+hHdXhvDkwqnSApYAEK2dsM17LZ+ZY2kX5cLPRHa0sR0Kxp9TqLZ6mcY4DP0tpOf8F2OpIJoNR9co+8noTBJr+kxcAya3xi28oxKuWcf42GQBDf9Nq4QTMQiMBHTJ3sObsSB87wRDYvnGbK8M9B69JwLZxJ+7rsXROdjEKkAERBHqCzj7lkg/VWGD1sviun+fs0HdAo/qySehXGBwatJPx9ZQ9Lt96rtsZbt4iaAD4zDa3d3qJChDP54OIVJjt3BqHvNisrdTRQ==",
            "region": "eu-west-2",
            "tags": {},
            "tags_all": {}
          },
          "sensitive_attributes": [],
          "identity_schema_version": 0,
          "private": "eyJzY2hlbWFfdmVyc2lvbiI6IjEifQ==",
          "dependencies": [
            "tls_private_key.ssh_key"
          ]
        }
      ]
    },
    {
      "mode": "managed",
      "type": "aws_route_table",
      "name": "public_rt",
      "provider": "provider[\"registry.terraform.io/hashicorp/aws\"]",
      "instances": [
        {
          "schema_version": 0,
          "attributes": {
            "arn": "arn:aws:ec2:eu-west-2:372884617632:route-table/rtb-0a06edf3736f99371",
            "id": "rtb-0a06edf3736f99371",
            "owner_id": "372884617632",
            "propagating_vgws": [],
            "region": "eu-west-2",
            "route": [
              {
                "carrier_gateway_id": "",
                "cidr_block": "0.0.0.0/0",
                "core_network_arn": "",
                "destination_prefix_list_id": "",
                "egress_only_gateway_id": "",
                "gateway_id": "igw-0dea8a4cb39b287f1",
                "ipv6_cidr_block": "",
                "local_gateway_id": "",
                "nat_gateway_id": "",
                "network_interface_id": "",
                "transit_gateway_id": "",
                "vpc_endpoint_id": "",
                "vpc_peering_connection_id": ""
              }
            ],
            "tags": {
              "Name": "sca-public-rt"
            },
            "tags_all": {
              "Name": "sca-public-rt"
            },
            "timeouts": null,
            "vpc_id": "vpc-0106b6f11d52fbce0"
          },
          "sensitive_attributes": [],
          "identity_schema_version": 0,
          "identity": {
            "account_id": "372884617632",
            "id": "rtb-0a06edf3736f99371",
            "region": "eu-west-2"
          },
          "private": "eyJlMmJmYjczMC1lY2FhLTExZTYtOGY4OC0zNDM2M2JjN2M0YzAiOnsiY3JlYXRlIjozMDAwMDAwMDAwMDAsImRlbGV0ZSI6MzAwMDAwMDAwMDAwLCJ1cGRhdGUiOjEyMDAwMDAwMDAwMH19",
          "dependencies": [
            "aws_internet_gateway.gw",
            "aws_vpc.sca_vpc"
          ]
        }
      ]
    },
    {
      "mode": "managed",
      "type": "aws_route_table_association",
      "name": "public_rt_assoc",
      "provider": "provider[\"registry.terraform.io/hashicorp/aws\"]",
      "instances": [
        {
          "schema_version": 0,
          "attributes": {
            "gateway_id": "",
            "id": "rtbassoc-09f2ed3028b42c05b",
            "region": "eu-west-2",
            "route_table_id": "rtb-0a06edf3736f99371",
            "subnet_id": "subnet-08c377356148c6a6d",
            "timeouts": null
          },
          "sensitive_attributes": [],
          "identity_schema_version": 0,
          "private": "eyJlMmJmYjczMC1lY2FhLTExZTYtOGY4OC0zNDM2M2JjN2M0YzAiOnsiY3JlYXRlIjozMDAwMDAwMDAwMDAsImRlbGV0ZSI6MzAwMDAwMDAwMDAwLCJ1cGRhdGUiOjEyMDAwMDAwMDAwMH19",
          "dependencies": [
            "aws_internet_gateway.gw",
            "aws_route_table.public_rt",
            "aws_subnet.public_subnet",
            "aws_vpc.sca_vpc"
          ]
        }
      ]
    },
    {
      "mode": "managed",
      "type": "aws_security_group",
      "name": "dev_sg",
      "provider": "provider[\"registry.terraform.io/hashicorp/aws\"]",
      "instances": [
        {
          "schema_version": 1,
          "attributes": {
            "arn": "arn:aws:ec2:eu-west-2:372884617632:security-group/sg-0fcd0dd5e1e04e459",
            "description": "Managed by Terraform",
            "egress": [
              {
                "cidr_blocks": [
                  "0.0.0.0/0"
                ],
                "description": "",
                "from_port": 0,
                "ipv6_cidr_blocks": [],
                "prefix_list_ids": [],
                "protocol": "-1",
                "security_groups": [],
                "self": false,
                "to_port": 0
              }
            ],
            "id": "sg-0fcd0dd5e1e04e459",
            "ingress": [
              {
                "cidr_blocks": [
                  "0.0.0.0/0"
                ],
                "description": "SSH",
                "from_port": 22,
                "ipv6_cidr_blocks": [],
                "prefix_list_ids": [],
                "protocol": "tcp",
                "security_groups": [],
                "self": false,
                "to_port": 22
              }
            ],
            "name": "dev-sg",
            "name_prefix": "",
            "owner_id": "372884617632",
            "region": "eu-west-2",
            "revoke_rules_on_delete": false,
            "tags": {
              "Name": "dev-sg"
            },
            "tags_all": {
              "Name": "dev-sg"
            },
            "timeouts": null,
            "vpc_id": "vpc-0106b6f11d52fbce0"
          },
          "sensitive_attributes": [],
          "identity_schema_version": 0,
          "identity": {
            "account_id": "372884617632",
            "id": "sg-0fcd0dd5e1e04e459",
            "region": "eu-west-2"
          },
          "private": "eyJlMmJmYjczMC1lY2FhLTExZTYtOGY4OC0zNDM2M2JjN2M0YzAiOnsiY3JlYXRlIjo2MDAwMDAwMDAwMDAsImRlbGV0ZSI6OTAwMDAwMDAwMDAwfSwic2NoZW1hX3ZlcnNpb24iOiIxIn0=",
          "dependencies": [
            "aws_vpc.sca_vpc"
          ]
        }
      ]
    },
    {
      "mode": "managed",
      "type": "aws_security_group",
      "name": "prod_sg",
      "provider": "provider[\"registry.terraform.io/hashicorp/aws\"]",
      "instances": [
        {
          "schema_version": 1,
          "attributes": {
            "arn": "arn:aws:ec2:eu-west-2:372884617632:security-group/sg-09f97668626c619e3",
            "description": "Managed by Terraform",
            "egress": [
              {
                "cidr_blocks": [
                  "0.0.0.0/0"
                ],
                "description": "",
                "from_port": 0,
                "ipv6_cidr_blocks": [],
                "prefix_list_ids": [],
                "protocol": "-1",
                "security_groups": [],
                "self": false,
                "to_port": 0
              }
            ],
            "id": "sg-09f97668626c619e3",
            "ingress": [
              {
                "cidr_blocks": [
                  "0.0.0.0/0"
                ],
                "description": "SSH",
                "from_port": 22,
                "ipv6_cidr_blocks": [],
                "prefix_list_ids": [],
                "protocol": "tcp",
                "security_groups": [],
                "self": false,
                "to_port": 22
              }
            ],
            "name": "prod-sg",
            "name_prefix": "",
            "owner_id": "372884617632",
            "region": "eu-west-2",
            "revoke_rules_on_delete": false,
            "tags": {
              "Name": "prod-sg"
            },
            "tags_all": {
              "Name": "prod-sg"
            },
            "timeouts": null,
            "vpc_id": "vpc-0106b6f11d52fbce0"
          },
          "sensitive_attributes": [],
          "identity_schema_version": 0,
          "identity": {
            "account_id": "372884617632",
            "id": "sg-09f97668626c619e3",
            "region": "eu-west-2"
          },
          "private": "eyJlMmJmYjczMC1lY2FhLTExZTYtOGY4OC0zNDM2M2JjN2M0YzAiOnsiY3JlYXRlIjo2MDAwMDAwMDAwMDAsImRlbGV0ZSI6OTAwMDAwMDAwMDAwfSwic2NoZW1hX3ZlcnNpb24iOiIxIn0=",
          "dependencies": [
            "aws_vpc.sca_vpc"
          ]
        }
      ]
    },
    {
      "mode": "managed",
      "type": "aws_security_group",
      "name": "qa_sg",
      "provider": "provider[\"registry.terraform.io/hashicorp/aws\"]",
      "instances": [
        {
          "schema_version": 1,
          "attributes": {
            "arn": "arn:aws:ec2:eu-west-2:372884617632:security-group/sg-06d8346afb356e6f3",
            "description": "Managed by Terraform",
            "egress": [
              {
                "cidr_blocks": [
                  "0.0.0.0/0"
                ],
                "description": "",
                "from_port": 0,
                "ipv6_cidr_blocks": [],
                "prefix_list_ids": [],
                "protocol": "-1",
                "security_groups": [],
                "self": false,
                "to_port": 0
              }
            ],
            "id": "sg-06d8346afb356e6f3",
            "ingress": [
              {
                "cidr_blocks": [
                  "0.0.0.0/0"
                ],
                "description": "SSH",
                "from_port": 22,
                "ipv6_cidr_blocks": [],
                "prefix_list_ids": [],
                "protocol": "tcp",
                "security_groups": [],
                "self": false,
                "to_port": 22
              }
            ],
            "name": "qa-sg",
            "name_prefix": "",
            "owner_id": "372884617632",
            "region": "eu-west-2",
            "revoke_rules_on_delete": false,
            "tags": {
              "Name": "qa-sg"
            },
            "tags_all": {
              "Name": "qa-sg"
            },
            "timeouts": null,
            "vpc_id": "vpc-0106b6f11d52fbce0"
          },
          "sensitive_attributes": [],
          "identity_schema_version": 0,
          "identity": {
            "account_id": "372884617632",
            "id": "sg-06d8346afb356e6f3",
            "region": "eu-west-2"
          },
          "private": "eyJlMmJmYjczMC1lY2FhLTExZTYtOGY4OC0zNDM2M2JjN2M0YzAiOnsiY3JlYXRlIjo2MDAwMDAwMDAwMDAsImRlbGV0ZSI6OTAwMDAwMDAwMDAwfSwic2NoZW1hX3ZlcnNpb24iOiIxIn0=",
          "dependencies": [
            "aws_vpc.sca_vpc"
          ]
        }
      ]
    },
    {
      "mode": "managed",
      "type": "aws_subnet",
      "name": "public_subnet",
      "provider": "provider[\"registry.terraform.io/hashicorp/aws\"]",
      "instances": [
        {
          "schema_version": 1,
          "attributes": {
            "arn": "arn:aws:ec2:eu-west-2:372884617632:subnet/subnet-08c377356148c6a6d",
            "assign_ipv6_address_on_creation": false,
            "availability_zone": "eu-west-2a",
            "availability_zone_id": "euw2-az2",
            "cidr_block": "10.0.1.0/24",
            "customer_owned_ipv4_pool": "",
            "enable_dns64": false,
            "enable_lni_at_device_index": 0,
            "enable_resource_name_dns_a_record_on_launch": false,
            "enable_resource_name_dns_aaaa_record_on_launch": false,
            "id": "subnet-08c377356148c6a6d",
            "ipv6_cidr_block": "",
            "ipv6_cidr_block_association_id": "",
            "ipv6_native": false,
            "map_customer_owned_ip_on_launch": false,
            "map_public_ip_on_launch": true,
            "outpost_arn": "",
            "owner_id": "372884617632",
            "private_dns_hostname_type_on_launch": "ip-name",
            "region": "eu-west-2",
            "tags": {
              "Name": "sca-public-subnet"
            },
            "tags_all": {
              "Name": "sca-public-subnet"
            },
            "timeouts": null,
            "vpc_id": "vpc-0106b6f11d52fbce0"
          },
          "sensitive_attributes": [],
          "identity_schema_version": 0,
          "identity": {
            "account_id": "372884617632",
            "id": "subnet-08c377356148c6a6d",
            "region": "eu-west-2"
          },
          "private": "eyJlMmJmYjczMC1lY2FhLTExZTYtOGY4OC0zNDM2M2JjN2M0YzAiOnsiY3JlYXRlIjo2MDAwMDAwMDAwMDAsImRlbGV0ZSI6MTIwMDAwMDAwMDAwMH0sInNjaGVtYV92ZXJzaW9uIjoiMSJ9",
          "dependencies": [
            "aws_vpc.sca_vpc"
          ]
        }
      ]
    },
    {
      "mode": "managed",
      "type": "aws_vpc",
      "name": "sca_vpc",
      "provider": "provider[\"registry.terraform.io/hashicorp/aws\"]",
      "instances": [
        {
          "schema_version": 1,
          "attributes": {
            "arn": "arn:aws:ec2:eu-west-2:372884617632:vpc/vpc-0106b6f11d52fbce0",
            "assign_generated_ipv6_cidr_block": false,
            "cidr_block": "10.0.0.0/16",
            "default_network_acl_id": "acl-0bece12f81fe8cdb3",
            "default_route_table_id": "rtb-0c6890c6a4037c4c0",
            "default_security_group_id": "sg-036dea7374f6d839b",
            "dhcp_options_id": "dopt-093fe417588556e35",
            "enable_dns_hostnames": true,
            "enable_dns_support": true,
            "enable_network_address_usage_metrics": false,
            "id": "vpc-0106b6f11d52fbce0",
            "instance_tenancy": "default",
            "ipv4_ipam_pool_id": null,
            "ipv4_netmask_length": null,
            "ipv6_association_id": "",
            "ipv6_cidr_block": "",
            "ipv6_cidr_block_network_border_group": "",
            "ipv6_ipam_pool_id": "",
            "ipv6_netmask_length": 0,
            "main_route_table_id": "rtb-0c6890c6a4037c4c0",
            "owner_id": "372884617632",
            "region": "eu-west-2",
            "tags": {
              "Name": "sca-vpc"
            },
            "tags_all": {
              "Name": "sca-vpc"
            }
          },
          "sensitive_attributes": [],
          "identity_schema_version": 0,
          "identity": {
            "account_id": "372884617632",
            "id": "vpc-0106b6f11d52fbce0",
            "region": "eu-west-2"
          },
          "private": "eyJzY2hlbWFfdmVyc2lvbiI6IjEifQ=="
        }
      ]
    },
    {
      "mode": "managed",
      "type": "tls_private_key",
      "name": "ssh_key",
      "provider": "provider[\"registry.terraform.io/hashicorp/tls\"]",
      "instances": [
        {
          "schema_version": 1,
          "attributes": {
            "algorithm": "RSA",
            "ecdsa_curve": "P224",
            "id": "2e838656dac04504f348f1cab8ef90cff37f77dc",
            "private_key_openssh": "-----BEGIN OPENSSH PRIVATE KEY-----\nb3BlbnNzaC1rZXktdjEAAAAABG5vbmUAAAAEbm9uZQAAAAAAAAABAAACFwAAAAdz\nc2gtcnNhAAAAAwEAAQAAAgEApMnnndbaS6lJCLp4OZCGFkadAbf9umGlt8jA+Ac9\n6n03hx2A74tvnP5rImHRouE1EhgJE0puf1nn0YyhzxTA77tQYdqXrmbl3Yf40DIA\njFOxFvEC3zkKCgXJ9aXvkbmWSRbd/NC9BFUGaAI+9puCK2HxS4KqGpd++PA2leHJ\n6vb75IGeEmbggzJDvs3jh7zIouR1E/VGydG/x1jiO/NcTkuyG2aK/pAY6zP8ULE3\nT1uVsWB8HR5Bd1fJ6/aWg8Ix9j1Hrg3ln7c1SQaTx8Qw5rhkk8CpYKrhQw4nwn5i\ntIZ/wiFmW8OUMSif2e8u/N199h1QqcSRFcKABLumE/oM1p6dLxLi0pb4RznnW3ng\nKC2MXUKGHTQKBPcFaz8DUHHz8nYfvkHAM3WtX4WqwXArdp0dGqbF9bQIvoR3V4bw\n5MKp0gKWABCtnbDNey2fmWNpF+XCz0R2tLEdCsafU6i2epnGOAz9LaTn/BdjqSCa\nDUfXKPvJ6EwSa/pMXAMmt8YtvKMSrlnH+NhkAQ3/TauEEzEIjAR0yd7Dm7EgfO8E\nQ2L5xmyvDPQevScC2cSfu67F0TnYxCpABEQR6gs4+5ZIP1Vhg9bL4rp/n7NB3QKP\n6sknoVxgcGrST8fWUPS7feq7bGW7eImgA+Mw2t3d6iQoQz+eDiFSY7dwah7zYrK3\nU0UAAAc4kPOS/ZDzkv0AAAAHc3NoLXJzYQAAAgEApMnnndbaS6lJCLp4OZCGFkad\nAbf9umGlt8jA+Ac96n03hx2A74tvnP5rImHRouE1EhgJE0puf1nn0YyhzxTA77tQ\nYdqXrmbl3Yf40DIAjFOxFvEC3zkKCgXJ9aXvkbmWSRbd/NC9BFUGaAI+9puCK2Hx\nS4KqGpd++PA2leHJ6vb75IGeEmbggzJDvs3jh7zIouR1E/VGydG/x1jiO/NcTkuy\nG2aK/pAY6zP8ULE3T1uVsWB8HR5Bd1fJ6/aWg8Ix9j1Hrg3ln7c1SQaTx8Qw5rhk\nk8CpYKrhQw4nwn5itIZ/wiFmW8OUMSif2e8u/N199h1QqcSRFcKABLumE/oM1p6d\nLxLi0pb4RznnW3ngKC2MXUKGHTQKBPcFaz8DUHHz8nYfvkHAM3WtX4WqwXArdp0d\nGqbF9bQIvoR3V4bw5MKp0gKWABCtnbDNey2fmWNpF+XCz0R2tLEdCsafU6i2epnG\nOAz9LaTn/BdjqSCaDUfXKPvJ6EwSa/pMXAMmt8YtvKMSrlnH+NhkAQ3/TauEEzEI\njAR0yd7Dm7EgfO8EQ2L5xmyvDPQevScC2cSfu67F0TnYxCpABEQR6gs4+5ZIP1Vh\ng9bL4rp/n7NB3QKP6sknoVxgcGrST8fWUPS7feq7bGW7eImgA+Mw2t3d6iQoQz+e\nDiFSY7dwah7zYrK3U0UAAAADAQABAAACACXgUI/re+ZrJSHP9mVIzkEdfuYPu86U\ntinth0kbJQSaPmKcie/FTWS457gR4sT83Z1oj+FyuL4l1I5KNEDsRMJ1e+7Z9wY7\nmXcXUz3LWGvoqqoawG29ZwzRss93Ef8dOKlZC7IZ6nAt+Nh8N6uoJ72/993CzUVq\nb+FZGTrPGIGcvl4R2trg8ZbGPWMEYNlor3cdarmpJVmrD9kKmYltENjgNjJtGeKU\nDV42ZzbG3O8tHlWUV0K8GxEKyRsm5Qao4qH2CN09TXut+R3tWJdQhWrqlBeP736M\nGFW40bO3KAnVZlUhJy1NYWkBLOjDPLobUOH6b/lteGmXeKRd2zj5PuzRC98eLH5S\nGIMYVAYwYMwns409yTStZfPKcLtj6dk/u9giNocD8pRXlENF0b19LL5rRMGipsVs\nw0G7t7VAxxR/yY0NVXqS6sQ76utqc22jMXnBOg9ZSE+gUQ5pq1Sf9z5VsaQqIW1t\nNGh6aOOePoeQrlLympzyeCry9VJ/MFe1UiQ2V7X26zzE8UTo+mNiIDL494LKf3WY\ntREIsra3BBuVEclZjpIL+3AOSr6hYYb9I0+hVTbuHbv/kjXxVeh4rC7Tnawt+LCA\nioo+v3VS9llAPDqh1BD9QhNLdDVr4kaGH5wQnYQLF9aMIq3auSKXk4zyfUYDGom7\nZXrS0wUQsOQLAAABADsdT6EHXPGEDRp81SZg+IQGpwebVajgYxVq8Zq9hu2ULTc8\ngdvRqslyRg/pjOEbgQQwfS1JfOGKUm+E76lUMaO512Eg5NvYJR5qLs0uU9Nlm2wM\nyUoCEtqJ/MaBdI7w4iPjqiaeHvlXwFq3KJ8xRYcKKfHCs9IH/DS7qEGUWLEmbc05\nRTmXO/4SamLZl6UvXhKzYV/Obuj4NG364e8LmbMTXFQnG+UqTcHPP/lqqH3M3g/d\nqFGAkGU/MJLYs6OD4McuOkHJJWvvaQuQClaQrHakFbsgsu00CDGkfwmPSmF5BxWb\nPbOjyAO+EfCaA/IzUxNo2NEIV54SVcPuc23YipIAAAEBAMAYHtJOoib+pZSGkYxw\nOJzShkZ5S8LFW0iL3c7XChiKKSnPnOYJtjH90yjoVEx1PhiTg+BuyYyuZGjlEnAA\nXOEimdLgi7lBbn9UU8SOlwhOZ5KF9/IzBQRVMOY9GHAQMom1Ui9c4q5qiWksY2NF\nMh8H/db45Y3ek8WZ4goLlrtLI4ef4qLsfNMNTj3jy0Jloj300FUSvZTSg0DauLW1\neLHx5Px/l+jQdZaMMVvMbkkw7xzgCSJ5XZ6TNMlc6o+8ahTccfP/Dr/UDc2adL92\nwstgt+hvlRfMs7rXNht/jTfBkcR1INbgMKbRb6wB1Wl7ABgTbHZw8ZHC2fQKGwQg\n5AMAAAEBANucSLMP2fVPYAPd4M3V9oqsG+jQHRWN0mcYulpOICKe43o9Du+34MHe\nqQFrzrdVHq1SYhwUmlR2W/6a2B6kGc7zvfQq0lL21U4W+m+jNpqlRerxtvL2uiiT\nW+Y3nt1j3pg2DP/855NR9JMEotwhw8M5pZM0YvCxH159t5Qo+Rf5QGDHmkqbJdIQ\nn42/Glw1w8mX3wixy0xV09xAtkjGp2P2QiqVuJ9umlVMvd8mAmVy8uBCtm+pc7vM\nBnloz8O0Dz3PJRQ7QpxkKWZvvWYE/QTL0TEjxHyDcAaDUUOb+HEi2+0e8AdRK4yi\njE1ZTR01tDyV8zF6XgBE3Qm/q5lPnRcAAAAAAQID\n-----END OPENSSH PRIVATE KEY-----\n",
            "private_key_pem": "-----BEGIN RSA PRIVATE KEY-----\nMIIJJwIBAAKCAgEApMnnndbaS6lJCLp4OZCGFkadAbf9umGlt8jA+Ac96n03hx2A\n74tvnP5rImHRouE1EhgJE0puf1nn0YyhzxTA77tQYdqXrmbl3Yf40DIAjFOxFvEC\n3zkKCgXJ9aXvkbmWSRbd/NC9BFUGaAI+9puCK2HxS4KqGpd++PA2leHJ6vb75IGe\nEmbggzJDvs3jh7zIouR1E/VGydG/x1jiO/NcTkuyG2aK/pAY6zP8ULE3T1uVsWB8\nHR5Bd1fJ6/aWg8Ix9j1Hrg3ln7c1SQaTx8Qw5rhkk8CpYKrhQw4nwn5itIZ/wiFm\nW8OUMSif2e8u/N199h1QqcSRFcKABLumE/oM1p6dLxLi0pb4RznnW3ngKC2MXUKG\nHTQKBPcFaz8DUHHz8nYfvkHAM3WtX4WqwXArdp0dGqbF9bQIvoR3V4bw5MKp0gKW\nABCtnbDNey2fmWNpF+XCz0R2tLEdCsafU6i2epnGOAz9LaTn/BdjqSCaDUfXKPvJ\n6EwSa/pMXAMmt8YtvKMSrlnH+NhkAQ3/TauEEzEIjAR0yd7Dm7EgfO8EQ2L5xmyv\nDPQevScC2cSfu67F0TnYxCpABEQR6gs4+5ZIP1Vhg9bL4rp/n7NB3QKP6sknoVxg\ncGrST8fWUPS7feq7bGW7eImgA+Mw2t3d6iQoQz+eDiFSY7dwah7zYrK3U0UCAwEA\nAQKCAgAl4FCP63vmayUhz/ZlSM5BHX7mD7vOlLYp7YdJGyUEmj5inInvxU1kuOe4\nEeLE/N2daI/hcri+JdSOSjRA7ETCdXvu2fcGO5l3F1M9y1hr6KqqGsBtvWcM0bLP\ndxH/HTipWQuyGepwLfjYfDerqCe9v/fdws1Fam/hWRk6zxiBnL5eEdra4PGWxj1j\nBGDZaK93HWq5qSVZqw/ZCpmJbRDY4DYybRnilA1eNmc2xtzvLR5VlFdCvBsRCskb\nJuUGqOKh9gjdPU17rfkd7ViXUIVq6pQXj+9+jBhVuNGztygJ1WZVISctTWFpASzo\nwzy6G1Dh+m/5bXhpl3ikXds4+T7s0QvfHix+UhiDGFQGMGDMJ7ONPck0rWXzynC7\nY+nZP7vYIjaHA/KUV5RDRdG9fSy+a0TBoqbFbMNBu7e1QMcUf8mNDVV6kurEO+rr\nanNtozF5wToPWUhPoFEOaatUn/c+VbGkKiFtbTRoemjjnj6HkK5S8pqc8ngq8vVS\nfzBXtVIkNle19us8xPFE6PpjYiAy+PeCyn91mLURCLK2twQblRHJWY6SC/twDkq+\noWGG/SNPoVU27h27/5I18VXoeKwu052sLfiwgIqKPr91UvZZQDw6odQQ/UITS3Q1\na+JGhh+cEJ2ECxfWjCKt2rkil5OM8n1GAxqJu2V60tMFELDkCwKCAQEAwBge0k6i\nJv6llIaRjHA4nNKGRnlLwsVbSIvdztcKGIopKc+c5gm2Mf3TKOhUTHU+GJOD4G7J\njK5kaOUScABc4SKZ0uCLuUFuf1RTxI6XCE5nkoX38jMFBFUw5j0YcBAyibVSL1zi\nrmqJaSxjY0UyHwf91vjljd6TxZniCguWu0sjh5/ioux80w1OPePLQmWiPfTQVRK9\nlNKDQNq4tbV4sfHk/H+X6NB1lowxW8xuSTDvHOAJInldnpM0yVzqj7xqFNxx8/8O\nv9QNzZp0v3bCy2C36G+VF8yzutc2G3+NN8GRxHUg1uAwptFvrAHVaXsAGBNsdnDx\nkcLZ9AobBCDkAwKCAQEA25xIsw/Z9U9gA93gzdX2iqwb6NAdFY3SZxi6Wk4gIp7j\nej0O77fgwd6pAWvOt1UerVJiHBSaVHZb/prYHqQZzvO99CrSUvbVThb6b6M2mqVF\n6vG28va6KJNb5jee3WPemDYM//znk1H0kwSi3CHDwzmlkzRi8LEfXn23lCj5F/lA\nYMeaSpsl0hCfjb8aXDXDyZffCLHLTFXT3EC2SManY/ZCKpW4n26aVUy93yYCZXLy\n4EK2b6lzu8wGeWjPw7QPPc8lFDtCnGQpZm+9ZgT9BMvRMSPEfINwBoNRQ5v4cSLb\n7R7wB1ErjKKMTVlNHTW0PJXzMXpeAETdCb+rmU+dFwKCAQAmnfK8RrCUdEbnR/JE\nsF7BMBVsX4AahMBoIi4SIerWqhfCXwlkuXkWLbfglmwz/rHgEO/HE56TGI/5Amwl\ndf02CVWxLhEIyh2jnVlFv4CfW9u4ehQxbY5Jo7Kz5n5eMPNn+bqu6NZtR9+d9B16\n3HNKB7pBGEJVtfQxGlF1wYSo3F8lKcBPDom9iAQ9ruiyzWnDWM70+1J/c56NUCsn\n5HaCF2X4WNI6LIYnIMHfeYaGUj8Pp/5OHuXyNhe7j2FcSf1tei+yZIkbiU7JEY78\n2qwoZKY0JRJs+Wr8Wb1347mJBvH986oJaIJ/VsVDaA72KJMJRAZe/S+jJO/Z/poV\nx2LvAoIBAEuY4O3C5ySqzkKGfnxcyyGxXWonOdvRljwnJv8vJaDFUUki+6FJivUx\n0LvMgLxbcNP5KAzCit3IYKKkawEhPEEhZqJGm2Az1/mpr0v+wy0493iI/JFmnW6a\nS2hUfTt4xYdgE9mLFayA6dAyKF3ewaTSk0y5G9X/Iu1EGY3HDPhTtPWbwGEuRzao\nwkPpJQnY+CzNOtmjWnhMk0GehSFIQRcIDn7aS1OWn0n9wN6wFuMVTsYkMOj/S/e5\npADnM54KvbRpOjpcq/FqCVZZ4LjdvruH7dsclObH2Chly/OaHUvU1CAsJjRenL8s\ntV9q/kCv2/t/IthFZ1ZwXiac9FUyMsECggEAOx1PoQdc8YQNGnzVJmD4hAanB5tV\nqOBjFWrxmr2G7ZQtNzyB29GqyXJGD+mM4RuBBDB9LUl84YpSb4TvqVQxo7nXYSDk\n29glHmouzS5T02WbbAzJSgIS2on8xoF0jvDiI+OqJp4e+VfAWrconzFFhwop8cKz\n0gf8NLuoQZRYsSZtzTlFOZc7/hJqYtmXpS9eErNhX85u6Pg0bfrh7wuZsxNcVCcb\n5SpNwc8/+WqofczeD92oUYCQZT8wktizo4Pgxy46Qckla+9pC5AKVpCsdqQVuyCy\n7TQIMaR/CY9KYXkHFZs9s6PIA74R8JoD8jNTE2jY0QhXnhJVw+5zbdiKkg==\n-----END RSA PRIVATE KEY-----\n",
            "private_key_pem_pkcs8": "-----BEGIN PRIVATE KEY-----\nMIIJQQIBADANBgkqhkiG9w0BAQEFAASCCSswggknAgEAAoICAQCkyeed1tpLqUkI\nung5kIYWRp0Bt/26YaW3yMD4Bz3qfTeHHYDvi2+c/msiYdGi4TUSGAkTSm5/WefR\njKHPFMDvu1Bh2peuZuXdh/jQMgCMU7EW8QLfOQoKBcn1pe+RuZZJFt380L0EVQZo\nAj72m4IrYfFLgqoal3748DaV4cnq9vvkgZ4SZuCDMkO+zeOHvMii5HUT9UbJ0b/H\nWOI781xOS7IbZor+kBjrM/xQsTdPW5WxYHwdHkF3V8nr9paDwjH2PUeuDeWftzVJ\nBpPHxDDmuGSTwKlgquFDDifCfmK0hn/CIWZbw5QxKJ/Z7y783X32HVCpxJEVwoAE\nu6YT+gzWnp0vEuLSlvhHOedbeeAoLYxdQoYdNAoE9wVrPwNQcfPydh++QcAzda1f\nharBcCt2nR0apsX1tAi+hHdXhvDkwqnSApYAEK2dsM17LZ+ZY2kX5cLPRHa0sR0K\nxp9TqLZ6mcY4DP0tpOf8F2OpIJoNR9co+8noTBJr+kxcAya3xi28oxKuWcf42GQB\nDf9Nq4QTMQiMBHTJ3sObsSB87wRDYvnGbK8M9B69JwLZxJ+7rsXROdjEKkAERBHq\nCzj7lkg/VWGD1sviun+fs0HdAo/qySehXGBwatJPx9ZQ9Lt96rtsZbt4iaAD4zDa\n3d3qJChDP54OIVJjt3BqHvNisrdTRQIDAQABAoICACXgUI/re+ZrJSHP9mVIzkEd\nfuYPu86Utinth0kbJQSaPmKcie/FTWS457gR4sT83Z1oj+FyuL4l1I5KNEDsRMJ1\ne+7Z9wY7mXcXUz3LWGvoqqoawG29ZwzRss93Ef8dOKlZC7IZ6nAt+Nh8N6uoJ72/\n993CzUVqb+FZGTrPGIGcvl4R2trg8ZbGPWMEYNlor3cdarmpJVmrD9kKmYltENjg\nNjJtGeKUDV42ZzbG3O8tHlWUV0K8GxEKyRsm5Qao4qH2CN09TXut+R3tWJdQhWrq\nlBeP736MGFW40bO3KAnVZlUhJy1NYWkBLOjDPLobUOH6b/lteGmXeKRd2zj5PuzR\nC98eLH5SGIMYVAYwYMwns409yTStZfPKcLtj6dk/u9giNocD8pRXlENF0b19LL5r\nRMGipsVsw0G7t7VAxxR/yY0NVXqS6sQ76utqc22jMXnBOg9ZSE+gUQ5pq1Sf9z5V\nsaQqIW1tNGh6aOOePoeQrlLympzyeCry9VJ/MFe1UiQ2V7X26zzE8UTo+mNiIDL4\n94LKf3WYtREIsra3BBuVEclZjpIL+3AOSr6hYYb9I0+hVTbuHbv/kjXxVeh4rC7T\nnawt+LCAioo+v3VS9llAPDqh1BD9QhNLdDVr4kaGH5wQnYQLF9aMIq3auSKXk4zy\nfUYDGom7ZXrS0wUQsOQLAoIBAQDAGB7STqIm/qWUhpGMcDic0oZGeUvCxVtIi93O\n1woYiikpz5zmCbYx/dMo6FRMdT4Yk4PgbsmMrmRo5RJwAFzhIpnS4Iu5QW5/VFPE\njpcITmeShffyMwUEVTDmPRhwEDKJtVIvXOKuaolpLGNjRTIfB/3W+OWN3pPFmeIK\nC5a7SyOHn+Ki7HzTDU4948tCZaI99NBVEr2U0oNA2ri1tXix8eT8f5fo0HWWjDFb\nzG5JMO8c4AkieV2ekzTJXOqPvGoU3HHz/w6/1A3NmnS/dsLLYLfob5UXzLO61zYb\nf403wZHEdSDW4DCm0W+sAdVpewAYE2x2cPGRwtn0ChsEIOQDAoIBAQDbnEizD9n1\nT2AD3eDN1faKrBvo0B0VjdJnGLpaTiAinuN6PQ7vt+DB3qkBa863VR6tUmIcFJpU\ndlv+mtgepBnO8730KtJS9tVOFvpvozaapUXq8bby9rook1vmN57dY96YNgz//OeT\nUfSTBKLcIcPDOaWTNGLwsR9efbeUKPkX+UBgx5pKmyXSEJ+NvxpcNcPJl98IsctM\nVdPcQLZIxqdj9kIqlbifbppVTL3fJgJlcvLgQrZvqXO7zAZ5aM/DtA89zyUUO0Kc\nZClmb71mBP0Ey9ExI8R8g3AGg1FDm/hxItvtHvAHUSuMooxNWU0dNbQ8lfMxel4A\nRN0Jv6uZT50XAoIBACad8rxGsJR0RudH8kSwXsEwFWxfgBqEwGgiLhIh6taqF8Jf\nCWS5eRYtt+CWbDP+seAQ78cTnpMYj/kCbCV1/TYJVbEuEQjKHaOdWUW/gJ9b27h6\nFDFtjkmjsrPmfl4w82f5uq7o1m1H3530HXrcc0oHukEYQlW19DEaUXXBhKjcXyUp\nwE8Oib2IBD2u6LLNacNYzvT7Un9zno1QKyfkdoIXZfhY0joshicgwd95hoZSPw+n\n/k4e5fI2F7uPYVxJ/W16L7JkiRuJTskRjvzarChkpjQlEmz5avxZvXfjuYkG8f3z\nqglogn9WxUNoDvYokwlEBl79L6Mk79n+mhXHYu8CggEAS5jg7cLnJKrOQoZ+fFzL\nIbFdaic529GWPCcm/y8loMVRSSL7oUmK9THQu8yAvFtw0/koDMKK3chgoqRrASE8\nQSFmokabYDPX+amvS/7DLTj3eIj8kWadbppLaFR9O3jFh2AT2YsVrIDp0DIoXd7B\npNKTTLkb1f8i7UQZjccM+FO09ZvAYS5HNqjCQ+klCdj4LM062aNaeEyTQZ6FIUhB\nFwgOftpLU5afSf3A3rAW4xVOxiQw6P9L97mkAOczngq9tGk6Olyr8WoJVlnguN2+\nu4ft2xyU5sfYKGXL85odS9TUICwmNF6cvyy1X2r+QK/b+38i2EVnVnBeJpz0VTIy\nwQKCAQA7HU+hB1zxhA0afNUmYPiEBqcHm1Wo4GMVavGavYbtlC03PIHb0arJckYP\n6YzhG4EEMH0tSXzhilJvhO+pVDGjuddhIOTb2CUeai7NLlPTZZtsDMlKAhLaifzG\ngXSO8OIj46omnh75V8BatyifMUWHCinxwrPSB/w0u6hBlFixJm3NOUU5lzv+Empi\n2ZelL14Ss2Ffzm7o+DRt+uHvC5mzE1xUJxvlKk3Bzz/5aqh9zN4P3ahRgJBlPzCS\n2LOjg+DHLjpBySVr72kLkApWkKx2pBW7ILLtNAgxpH8Jj0pheQcVmz2zo8gDvhHw\nmgPyM1MTaNjRCFeeElXD7nNt2IqS\n-----END PRIVATE KEY-----\n",
            "public_key_fingerprint_md5": "cf:4f:67:fa:25:40:25:87:78:97:ce:8d:b2:67:d5:ee",
            "public_key_fingerprint_sha256": "SHA256:wde1OBgCbHrzk0nmWKILKFSJnHSZaPUX7iahMh5gn7s",
            "public_key_openssh": "ssh-rsa AAAAB3NzaC1yc2EAAAADAQABAAACAQCkyeed1tpLqUkIung5kIYWRp0Bt/26YaW3yMD4Bz3qfTeHHYDvi2+c/msiYdGi4TUSGAkTSm5/WefRjKHPFMDvu1Bh2peuZuXdh/jQMgCMU7EW8QLfOQoKBcn1pe+RuZZJFt380L0EVQZoAj72m4IrYfFLgqoal3748DaV4cnq9vvkgZ4SZuCDMkO+zeOHvMii5HUT9UbJ0b/HWOI781xOS7IbZor+kBjrM/xQsTdPW5WxYHwdHkF3V8nr9paDwjH2PUeuDeWftzVJBpPHxDDmuGSTwKlgquFDDifCfmK0hn/CIWZbw5QxKJ/Z7y783X32HVCpxJEVwoAEu6YT+gzWnp0vEuLSlvhHOedbeeAoLYxdQoYdNAoE9wVrPwNQcfPydh++QcAzda1fharBcCt2nR0apsX1tAi+hHdXhvDkwqnSApYAEK2dsM17LZ+ZY2kX5cLPRHa0sR0Kxp9TqLZ6mcY4DP0tpOf8F2OpIJoNR9co+8noTBJr+kxcAya3xi28oxKuWcf42GQBDf9Nq4QTMQiMBHTJ3sObsSB87wRDYvnGbK8M9B69JwLZxJ+7rsXROdjEKkAERBHqCzj7lkg/VWGD1sviun+fs0HdAo/qySehXGBwatJPx9ZQ9Lt96rtsZbt4iaAD4zDa3d3qJChDP54OIVJjt3BqHvNisrdTRQ==\n",
            "public_key_pem": "-----BEGIN PUBLIC KEY-----\nMIICIjANBgkqhkiG9w0BAQEFAAOCAg8AMIICCgKCAgEApMnnndbaS6lJCLp4OZCG\nFkadAbf9umGlt8jA+Ac96n03hx2A74tvnP5rImHRouE1EhgJE0puf1nn0YyhzxTA\n77tQYdqXrmbl3Yf40DIAjFOxFvEC3zkKCgXJ9aXvkbmWSRbd/NC9BFUGaAI+9puC\nK2HxS4KqGpd++PA2leHJ6vb75IGeEmbggzJDvs3jh7zIouR1E/VGydG/x1jiO/Nc\nTkuyG2aK/pAY6zP8ULE3T1uVsWB8HR5Bd1fJ6/aWg8Ix9j1Hrg3ln7c1SQaTx8Qw\n5rhkk8CpYKrhQw4nwn5itIZ/wiFmW8OUMSif2e8u/N199h1QqcSRFcKABLumE/oM\n1p6dLxLi0pb4RznnW3ngKC2MXUKGHTQKBPcFaz8DUHHz8nYfvkHAM3WtX4WqwXAr\ndp0dGqbF9bQIvoR3V4bw5MKp0gKWABCtnbDNey2fmWNpF+XCz0R2tLEdCsafU6i2\nepnGOAz9LaTn/BdjqSCaDUfXKPvJ6EwSa/pMXAMmt8YtvKMSrlnH+NhkAQ3/TauE\nEzEIjAR0yd7Dm7EgfO8EQ2L5xmyvDPQevScC2cSfu67F0TnYxCpABEQR6gs4+5ZI\nP1Vhg9bL4rp/n7NB3QKP6sknoVxgcGrST8fWUPS7feq7bGW7eImgA+Mw2t3d6iQo\nQz+eDiFSY7dwah7zYrK3U0UCAwEAAQ==\n-----END PUBLIC KEY-----\n",
            "rsa_bits": 4096
          },
          "sensitive_attributes": [
            [
              {
                "type": "get_attr",
                "value": "private_key_openssh"
              }
            ],
            [
              {
                "type": "get_attr",
                "value": "private_key_pem"
              }
            ],
            [
              {
                "type": "get_attr",
                "value": "private_key_pem_pkcs8"
              }
            ]
          ],
          "identity_schema_version": 0
        }
      ]
    }
  ],
  "check_results": null
}
